
Microsoft Visual Studio Solution File, Format Version 12.00
# Visual Studio Version 17
VisualStudioVersion = 17.1.32210.238
MinimumVisualStudioVersion = 10.0.40219.1
Project("{FAE04EC0-301F-11D3-BF4B-00C04F79EFBC}") = "MVCWebProject", "MVCWebProject.csproj", "{95096BA3-0F68-4AD7-89F7-19BD32473ABC}"
EndProject
Global
	GlobalSection(SolutionConfigurationPlatforms) = preSolution
		Debug|Any CPU = Debug|Any CPU
		Release|Any CPU = Release|Any CPU
	EndGlobalSection
	GlobalSection(ProjectConfigurationPlatforms) = postSolution
		{95096BA3-0F68-4AD7-89F7-19BD32473ABC}.Debug|Any CPU.ActiveCfg = Debug|Any CPU
		{95096BA3-0F68-4AD7-89F7-19BD32473ABC}.Debug|Any CPU.Build.0 = Debug|Any CPU
		{95096BA3-0F68-4AD7-89F7-19BD32473ABC}.Release|Any CPU.ActiveCfg = Release|Any CPU
		{95096BA3-0F68-4AD7-89F7-19BD32473ABC}.Release|Any CPU.Build.0 = Release|Any CPU
	EndGlobalSection
	GlobalSection(SolutionProperties) = preSolution
		HideSolutionNode = FALSE
	EndGlobalSection
	GlobalSection(ExtensibilityGlobals) = postSolution
		SolutionGuid = {C8F51D47-5CAD-42E3-B4A3-708064ECE6B7}
	EndGlobalSection
EndGlobal
