
Microsoft Visual Studio Solution File, Format Version 12.00
# Visual Studio Version 17
VisualStudioVersion = 17.1.32210.238
MinimumVisualStudioVersion = 10.0.40219.1
Project("{FAE04EC0-301F-11D3-BF4B-00C04F79EFBC}") = "UsingAssembly", "UsingAssembly.csproj", "{3277C0A4-867F-4D2B-9406-EA979C34C8D0}"
EndProject
Global
	GlobalSection(SolutionConfigurationPlatforms) = preSolution
		Debug|Any CPU = Debug|Any CPU
		Release|Any CPU = Release|Any CPU
	EndGlobalSection
	GlobalSection(ProjectConfigurationPlatforms) = postSolution
		{3277C0A4-867F-4D2B-9406-EA979C34C8D0}.Debug|Any CPU.ActiveCfg = Debug|Any CPU
		{3277C0A4-867F-4D2B-9406-EA979C34C8D0}.Debug|Any CPU.Build.0 = Debug|Any CPU
		{3277C0A4-867F-4D2B-9406-EA979C34C8D0}.Release|Any CPU.ActiveCfg = Release|Any CPU
		{3277C0A4-867F-4D2B-9406-EA979C34C8D0}.Release|Any CPU.Build.0 = Release|Any CPU
	EndGlobalSection
	GlobalSection(SolutionProperties) = preSolution
		HideSolutionNode = FALSE
	EndGlobalSection
	GlobalSection(ExtensibilityGlobals) = postSolution
		SolutionGuid = {1659126D-7965-41C9-9A87-23B228EE5E22}
	EndGlobalSection
EndGlobal
